
Microsoft Visual Studio Solution File, Format Version 12.00
# Visual Studio 15
VisualStudioVersion = 15.0.27428.2037
MinimumVisualStudioVersion = 10.0.40219.1
Project("{FAE04EC0-301F-11D3-BF4B-00C04F79EFBC}") = "FinancialNoteImport", "FinancialNoteImport\FinancialNoteImport.csproj", "{3FCAD3B0-4DC2-456A-A112-B018B7137740}"
EndProject
Project("{FAE04EC0-301F-11D3-BF4B-00C04F79EFBC}") = "OfficeFormatUtility", "OfficeFormatUtility\OfficeFormatUtility.csproj", "{F2B4200D-67B8-4A29-A6EB-8EFADCB5FFBC}"
EndProject
Global
	GlobalSection(SolutionConfigurationPlatforms) = preSolution
		Debug|Any CPU = Debug|Any CPU
		Release|Any CPU = Release|Any CPU
	EndGlobalSection
	GlobalSection(ProjectConfigurationPlatforms) = postSolution
		{3FCAD3B0-4DC2-456A-A112-B018B7137740}.Debug|Any CPU.ActiveCfg = Debug|Any CPU
		{3FCAD3B0-4DC2-456A-A112-B018B7137740}.Debug|Any CPU.Build.0 = Debug|Any CPU
		{3FCAD3B0-4DC2-456A-A112-B018B7137740}.Release|Any CPU.ActiveCfg = Release|Any CPU
		{3FCAD3B0-4DC2-456A-A112-B018B7137740}.Release|Any CPU.Build.0 = Release|Any CPU
		{F2B4200D-67B8-4A29-A6EB-8EFADCB5FFBC}.Debug|Any CPU.ActiveCfg = Debug|Any CPU
		{F2B4200D-67B8-4A29-A6EB-8EFADCB5FFBC}.Debug|Any CPU.Build.0 = Debug|Any CPU
		{F2B4200D-67B8-4A29-A6EB-8EFADCB5FFBC}.Release|Any CPU.ActiveCfg = Release|Any CPU
		{F2B4200D-67B8-4A29-A6EB-8EFADCB5FFBC}.Release|Any CPU.Build.0 = Release|Any CPU
	EndGlobalSection
	GlobalSection(SolutionProperties) = preSolution
		HideSolutionNode = FALSE
	EndGlobalSection
	GlobalSection(ExtensibilityGlobals) = postSolution
		SolutionGuid = {20A81CEA-9C04-495D-821B-BC2B3503F269}
	EndGlobalSection
EndGlobal
